{
  "nodes": {
    "dotfiles": {
      "flake": false,
      "locked": {
        "lastModified": 1778966846,
        "narHash": "sha256-N7HUWD3dliyPDXA5qXhuma5segnnopgPo2nv5iFaeXc=",
        "ref": "refs/heads/main",
        "rev": "c0706258b1ff22c70f6c0e51c4b812e63703f620",
        "revCount": 6244,
        "submodules": true,
        "type": "git",
        "url": "https://github.com/end-4/dots-hyprland"
      },
      "original": {
        "submodules": true,
        "type": "git",
        "url": "https://github.com/end-4/dots-hyprland"
      }
    },
    "flake-parts": {
      "inputs": {
        "nixpkgs-lib": [
          "nur",
          "nixpkgs"
        ]
      },
      "locked": {
        "lastModified": 1733312601,
        "narHash": "sha256-4pDvzqnegAfRkPwO3wmwBhVi/Sye1mzps0zHWYnP88c=",
        "owner": "hercules-ci",
        "repo": "flake-parts",
        "rev": "205b12d8b7cd4802fbcb8e8ef6a0f1408781a4f9",
        "type": "github"
      },
      "original": {
        "owner": "hercules-ci",
        "repo": "flake-parts",
        "type": "github"
      }
    },
    "nixpkgs": {
      "locked": {
        "lastModified": 1778869304,
        "narHash": "sha256-30sZNZoA1cqF5JNO9fVX+wgiQYjB7HJqqJ4ztCDeBZE=",
        "owner": "NixOS",
        "repo": "nixpkgs",
        "rev": "d233902339c02a9c334e7e593de68855ad26c4cb",
        "type": "github"
      },
      "original": {
        "owner": "NixOS",
        "ref": "nixos-unstable",
        "repo": "nixpkgs",
        "type": "github"
      }
    },
    "nur": {
      "inputs": {
        "flake-parts": "flake-parts",
        "nixpkgs": [
          "nixpkgs"
        ]
      },
      "locked": {
        "lastModified": 1779053507,
        "narHash": "sha256-N146hG8hCM4dX/EkW4gBpq/nYP19xrkRGSzqT0fkAHk=",
        "owner": "nix-community",
        "repo": "NUR",
        "rev": "f47a70eea0f828bd687d7309fa88e8cf5b25f45f",
        "type": "github"
      },
      "original": {
        "owner": "nix-community",
        "repo": "NUR",
        "type": "github"
      }
    },
    "quickshell": {
      "inputs": {
        "nixpkgs": [
          "nixpkgs"
        ]
      },
      "locked": {
        "lastModified": 1778488696,
        "narHash": "sha256-QSWgYuZUCNUJ/cxmaq83WkcT7lHQDDfsPVgH+96kIl0=",
        "ref": "refs/heads/master",
        "rev": "7d1c9a9c6721606b129829134d6f614f015621e2",
        "revCount": 818,
        "type": "git",
        "url": "https://git.outfoxxed.me/outfoxxed/quickshell"
      },
      "original": {
        "type": "git",
        "url": "https://git.outfoxxed.me/outfoxxed/quickshell"
      }
    },
    "root": {
      "inputs": {
        "dotfiles": "dotfiles",
        "nixpkgs": "nixpkgs",
        "nur": "nur",
        "quickshell": "quickshell"
      }
    }
  },
  "root": "root",
  "version": 7
}
